// !$*UTF8*$!
{
	archiveVersion = 1;
	classes = {
	};
	objectVersion = 56;
	objects = {

/* Begin PBXBuildFile section */
		F817497B29F06AE500EB1AA5 /* Sphere.swift in Sources */ = {isa = PBXBuildFile; fileRef = F817497A29F06AE500EB1AA5 /* Sphere.swift */; };
		F85AA9A129E308D8009711EA /* Renderer.swift in Sources */ = {isa = PBXBuildFile; fileRef = F85AA9A029E308D8009711EA /* Renderer.swift */; };
		F85AA9A529E309B6009711EA /* MetalViewRepresentable.swift in Sources */ = {isa = PBXBuildFile; fileRef = F85AA9A429E309B6009711EA /* MetalViewRepresentable.swift */; };
		F85AA9A729E30C1B009711EA /* MetalView.swift in Sources */ = {isa = PBXBuildFile; fileRef = F85AA9A629E30C1B009711EA /* MetalView.swift */; };
		F85AA9CC29E3167A009711EA /* SVS61UZAH4OIDVNG1PSGCOM2D.jpg in Resources */ = {isa = PBXBuildFile; fileRef = F85AA9C129E3167A009711EA /* SVS61UZAH4OIDVNG1PSGCOM2D.jpg */; };
		F85AA9CD29E3167A009711EA /* Convert.exe in Resources */ = {isa = PBXBuildFile; fileRef = F85AA9C229E3167A009711EA /* Convert.exe */; };
		F85AA9CE29E3167A009711EA /* SVS61UZAH4OIDVNG1PSGCOM2D.obj in Resources */ = {isa = PBXBuildFile; fileRef = F85AA9C329E3167A009711EA /* SVS61UZAH4OIDVNG1PSGCOM2D.obj */; };
		F85AA9CF29E3167A009711EA /* Visit RigModels.com.url in Resources */ = {isa = PBXBuildFile; fileRef = F85AA9C429E3167A009711EA /* Visit RigModels.com.url */; };
		F85AA9D029E3167A009711EA /* SVS61UZAH4OIDVNG1PSGCOM2D.mtl in Resources */ = {isa = PBXBuildFile; fileRef = F85AA9C529E3167A009711EA /* SVS61UZAH4OIDVNG1PSGCOM2D.mtl */; };
		F85AA9D129E3167A009711EA /* hair_c.jpg in Resources */ = {isa = PBXBuildFile; fileRef = F85AA9C629E3167A009711EA /* hair_c.jpg */; };
		F85AA9D229E3167A009711EA /* acce_lili.jpg in Resources */ = {isa = PBXBuildFile; fileRef = F85AA9C729E3167A009711EA /* acce_lili.jpg */; };
		F85AA9D329E3167A009711EA /* License.txt in Resources */ = {isa = PBXBuildFile; fileRef = F85AA9C829E3167A009711EA /* License.txt */; };
		F85AA9D429E3167A009711EA /* default-grey.jpg in Resources */ = {isa = PBXBuildFile; fileRef = F85AA9C929E3167A009711EA /* default-grey.jpg */; };
		F85AA9D529E3167A009711EA /* face_c.jpg in Resources */ = {isa = PBXBuildFile; fileRef = F85AA9CA29E3167A009711EA /* face_c.jpg */; };
		F85AA9D629E3167A009711EA /* body_lili.jpg in Resources */ = {isa = PBXBuildFile; fileRef = F85AA9CB29E3167A009711EA /* body_lili.jpg */; };
		F85AA9D929E35DB5009711EA /* Vertex.metal in Sources */ = {isa = PBXBuildFile; fileRef = F85AA9D829E35DB5009711EA /* Vertex.metal */; };
		F86ED98A29E2FC2E000D9680 /* Viewport3DApp.swift in Sources */ = {isa = PBXBuildFile; fileRef = F86ED98929E2FC2E000D9680 /* Viewport3DApp.swift */; };
		F86ED98C29E2FC2E000D9680 /* ContentView.swift in Sources */ = {isa = PBXBuildFile; fileRef = F86ED98B29E2FC2E000D9680 /* ContentView.swift */; };
		F86ED98E29E2FC2F000D9680 /* Assets.xcassets in Resources */ = {isa = PBXBuildFile; fileRef = F86ED98D29E2FC2F000D9680 /* Assets.xcassets */; };
		F872891A29F6CC9600B70AC4 /* GridView.swift in Sources */ = {isa = PBXBuildFile; fileRef = F872891929F6CC9600B70AC4 /* GridView.swift */; };
		F872891C29F6E77B00B70AC4 /* Triangle.swift in Sources */ = {isa = PBXBuildFile; fileRef = F872891B29F6E77B00B70AC4 /* Triangle.swift */; };
		F872891E29F6EA2800B70AC4 /* Primitive.swift in Sources */ = {isa = PBXBuildFile; fileRef = F872891D29F6EA2800B70AC4 /* Primitive.swift */; };
		F872892029F6FCBB00B70AC4 /* Color + Extension.swift in Sources */ = {isa = PBXBuildFile; fileRef = F872891F29F6FCBB00B70AC4 /* Color + Extension.swift */; };
		F87C9DD329FC791D006ED0DE /* MathLibrary.swift in Sources */ = {isa = PBXBuildFile; fileRef = F87C9DD229FC791D006ED0DE /* MathLibrary.swift */; };
		F87C9DD529FD1DE3006ED0DE /* Model.swift in Sources */ = {isa = PBXBuildFile; fileRef = F87C9DD429FD1DE3006ED0DE /* Model.swift */; };
		F87C9DDA29FF318A006ED0DE /* Common.h in Sources */ = {isa = PBXBuildFile; fileRef = F87C9DD929FF0D08006ED0DE /* Common.h */; };
		F89F10B029FFC86800932551 /* Transform.swift in Sources */ = {isa = PBXBuildFile; fileRef = F89F10AF29FFC86800932551 /* Transform.swift */; };
		F89F10B229FFE7A400932551 /* Options.swift in Sources */ = {isa = PBXBuildFile; fileRef = F89F10B129FFE7A400932551 /* Options.swift */; };
		F89F10B429FFE92B00932551 /* Fragment.metal in Sources */ = {isa = PBXBuildFile; fileRef = F89F10B329FFE92B00932551 /* Fragment.metal */; };
		F89F10B72A004F9B00932551 /* BufferIndices + Extension.swift in Sources */ = {isa = PBXBuildFile; fileRef = F89F10B62A004F9B00932551 /* BufferIndices + Extension.swift */; };
		F8BC39B62A01558E00276B79 /* AttributesIndices + Extension.swift in Sources */ = {isa = PBXBuildFile; fileRef = F8BC39B52A01558E00276B79 /* AttributesIndices + Extension.swift */; };
		F8D5358229E60BBA00CCB8D2 /* Quad.swift in Sources */ = {isa = PBXBuildFile; fileRef = F8D5358129E60BBA00CCB8D2 /* Quad.swift */; };
		F8D5358829E7580F00CCB8D2 /* VertexDescriptor + Extension.swift in Sources */ = {isa = PBXBuildFile; fileRef = F8D5358729E7580F00CCB8D2 /* VertexDescriptor + Extension.swift */; };
/* End PBXBuildFile section */

/* Begin PBXFileReference section */
		F817497A29F06AE500EB1AA5 /* Sphere.swift */ = {isa = PBXFileReference; lastKnownFileType = sourcecode.swift; path = Sphere.swift; sourceTree = "<group>"; };
		F85AA99F29E3028C009711EA /* Info.plist */ = {isa = PBXFileReference; lastKnownFileType = text.plist.xml; path = Info.plist; sourceTree = "<group>"; };
		F85AA9A029E308D8009711EA /* Renderer.swift */ = {isa = PBXFileReference; lastKnownFileType = sourcecode.swift; path = Renderer.swift; sourceTree = "<group>"; };
		F85AA9A429E309B6009711EA /* MetalViewRepresentable.swift */ = {isa = PBXFileReference; lastKnownFileType = sourcecode.swift; path = MetalViewRepresentable.swift; sourceTree = "<group>"; };
		F85AA9A629E30C1B009711EA /* MetalView.swift */ = {isa = PBXFileReference; lastKnownFileType = sourcecode.swift; path = MetalView.swift; sourceTree = "<group>"; };
		F85AA9C129E3167A009711EA /* SVS61UZAH4OIDVNG1PSGCOM2D.jpg */ = {isa = PBXFileReference; lastKnownFileType = image.jpeg; path = SVS61UZAH4OIDVNG1PSGCOM2D.jpg; sourceTree = "<group>"; };
		F85AA9C229E3167A009711EA /* Convert.exe */ = {isa = PBXFileReference; lastKnownFileType = file; path = Convert.exe; sourceTree = "<group>"; };
		F85AA9C329E3167A009711EA /* SVS61UZAH4OIDVNG1PSGCOM2D.obj */ = {isa = PBXFileReference; fileEncoding = 4; lastKnownFileType = text; path = SVS61UZAH4OIDVNG1PSGCOM2D.obj; sourceTree = "<group>"; };
		F85AA9C429E3167A009711EA /* Visit RigModels.com.url */ = {isa = PBXFileReference; fileEncoding = 4; lastKnownFileType = text; path = "Visit RigModels.com.url"; sourceTree = "<group>"; };
		F85AA9C529E3167A009711EA /* SVS61UZAH4OIDVNG1PSGCOM2D.mtl */ = {isa = PBXFileReference; fileEncoding = 4; lastKnownFileType = text; path = SVS61UZAH4OIDVNG1PSGCOM2D.mtl; sourceTree = "<group>"; };
		F85AA9C629E3167A009711EA /* hair_c.jpg */ = {isa = PBXFileReference; lastKnownFileType = image.jpeg; path = hair_c.jpg; sourceTree = "<group>"; };
		F85AA9C729E3167A009711EA /* acce_lili.jpg */ = {isa = PBXFileReference; lastKnownFileType = image.jpeg; path = acce_lili.jpg; sourceTree = "<group>"; };
		F85AA9C829E3167A009711EA /* License.txt */ = {isa = PBXFileReference; fileEncoding = 4; lastKnownFileType = text; path = License.txt; sourceTree = "<group>"; };
		F85AA9C929E3167A009711EA /* default-grey.jpg */ = {isa = PBXFileReference; lastKnownFileType = image.jpeg; path = "default-grey.jpg"; sourceTree = "<group>"; };
		F85AA9CA29E3167A009711EA /* face_c.jpg */ = {isa = PBXFileReference; lastKnownFileType = image.jpeg; path = face_c.jpg; sourceTree = "<group>"; };
		F85AA9CB29E3167A009711EA /* body_lili.jpg */ = {isa = PBXFileReference; lastKnownFileType = image.jpeg; path = body_lili.jpg; sourceTree = "<group>"; };
		F85AA9D829E35DB5009711EA /* Vertex.metal */ = {isa = PBXFileReference; lastKnownFileType = sourcecode.metal; path = Vertex.metal; sourceTree = "<group>"; };
		F86ED98629E2FC2E000D9680 /* Viewport3D.app */ = {isa = PBXFileReference; explicitFileType = wrapper.application; includeInIndex = 0; path = Viewport3D.app; sourceTree = BUILT_PRODUCTS_DIR; };
		F86ED98929E2FC2E000D9680 /* Viewport3DApp.swift */ = {isa = PBXFileReference; lastKnownFileType = sourcecode.swift; path = Viewport3DApp.swift; sourceTree = "<group>"; };
		F86ED98B29E2FC2E000D9680 /* ContentView.swift */ = {isa = PBXFileReference; lastKnownFileType = sourcecode.swift; path = ContentView.swift; sourceTree = "<group>"; };
		F86ED98D29E2FC2F000D9680 /* Assets.xcassets */ = {isa = PBXFileReference; lastKnownFileType = folder.assetcatalog; path = Assets.xcassets; sourceTree = "<group>"; };
		F86ED98F29E2FC2F000D9680 /* Viewport3D.entitlements */ = {isa = PBXFileReference; lastKnownFileType = text.plist.entitlements; path = Viewport3D.entitlements; sourceTree = "<group>"; };
		F872891929F6CC9600B70AC4 /* GridView.swift */ = {isa = PBXFileReference; lastKnownFileType = sourcecode.swift; path = GridView.swift; sourceTree = "<group>"; };
		F872891B29F6E77B00B70AC4 /* Triangle.swift */ = {isa = PBXFileReference; lastKnownFileType = sourcecode.swift; path = Triangle.swift; sourceTree = "<group>"; };
		F872891D29F6EA2800B70AC4 /* Primitive.swift */ = {isa = PBXFileReference; lastKnownFileType = sourcecode.swift; path = Primitive.swift; sourceTree = "<group>"; };
		F872891F29F6FCBB00B70AC4 /* Color + Extension.swift */ = {isa = PBXFileReference; lastKnownFileType = sourcecode.swift; path = "Color + Extension.swift"; sourceTree = "<group>"; };
		F87C9DD229FC791D006ED0DE /* MathLibrary.swift */ = {isa = PBXFileReference; lastKnownFileType = sourcecode.swift; path = MathLibrary.swift; sourceTree = "<group>"; };
		F87C9DD429FD1DE3006ED0DE /* Model.swift */ = {isa = PBXFileReference; lastKnownFileType = sourcecode.swift; path = Model.swift; sourceTree = "<group>"; };
		F87C9DD929FF0D08006ED0DE /* Common.h */ = {isa = PBXFileReference; lastKnownFileType = sourcecode.c.h; name = Common.h; path = Viewport3D/Common/Common.h; sourceTree = SOURCE_ROOT; };
		F89F10AF29FFC86800932551 /* Transform.swift */ = {isa = PBXFileReference; lastKnownFileType = sourcecode.swift; path = Transform.swift; sourceTree = "<group>"; };
		F89F10B129FFE7A400932551 /* Options.swift */ = {isa = PBXFileReference; lastKnownFileType = sourcecode.swift; path = Options.swift; sourceTree = "<group>"; };
		F89F10B329FFE92B00932551 /* Fragment.metal */ = {isa = PBXFileReference; lastKnownFileType = sourcecode.metal; path = Fragment.metal; sourceTree = "<group>"; };
		F89F10B52A003F3D00932551 /* ShaderDefenitions.h */ = {isa = PBXFileReference; lastKnownFileType = sourcecode.c.h; path = ShaderDefenitions.h; sourceTree = "<group>"; };
		F89F10B62A004F9B00932551 /* BufferIndices + Extension.swift */ = {isa = PBXFileReference; lastKnownFileType = sourcecode.swift; path = "BufferIndices + Extension.swift"; sourceTree = "<group>"; };
		F8BC39B52A01558E00276B79 /* AttributesIndices + Extension.swift */ = {isa = PBXFileReference; lastKnownFileType = sourcecode.swift; path = "AttributesIndices + Extension.swift"; sourceTree = "<group>"; };
		F8D5358129E60BBA00CCB8D2 /* Quad.swift */ = {isa = PBXFileReference; lastKnownFileType = sourcecode.swift; path = Quad.swift; sourceTree = "<group>"; };
		F8D5358729E7580F00CCB8D2 /* VertexDescriptor + Extension.swift */ = {isa = PBXFileReference; lastKnownFileType = sourcecode.swift; path = "VertexDescriptor + Extension.swift"; sourceTree = "<group>"; };
/* End PBXFileReference section */

/* Begin PBXFrameworksBuildPhase section */
		F86ED98329E2FC2E000D9680 /* Frameworks */ = {
			isa = PBXFrameworksBuildPhase;
			buildActionMask = 2147483647;
			files = (
			);
			runOnlyForDeploymentPostprocessing = 0;
		};
/* End PBXFrameworksBuildPhase section */

/* Begin PBXGroup section */
		F8200FF029F6CC38006D0F94 /* Viewport Interface Scene */ = {
			isa = PBXGroup;
			children = (
				F8BC39B42A0146B700276B79 /* ViewModel */,
				F86ED98B29E2FC2E000D9680 /* ContentView.swift */,
				F872891929F6CC9600B70AC4 /* GridView.swift */,
			);
			path = "Viewport Interface Scene";
			sourceTree = "<group>";
		};
		F85AA9A829E30C74009711EA /* MetalScene */ = {
			isa = PBXGroup;
			children = (
				F85AA9A629E30C1B009711EA /* MetalView.swift */,
				F85AA9A429E309B6009711EA /* MetalViewRepresentable.swift */,
			);
			path = MetalScene;
			sourceTree = "<group>";
		};
		F85AA9A929E3160E009711EA /* Shared Data */ = {
			isa = PBXGroup;
			children = (
				F85AA9C029E3167A009711EA /* Anime model */,
			);
			path = "Shared Data";
			sourceTree = "<group>";
		};
		F85AA9C029E3167A009711EA /* Anime model */ = {
			isa = PBXGroup;
			children = (
				F85AA9C129E3167A009711EA /* SVS61UZAH4OIDVNG1PSGCOM2D.jpg */,
				F85AA9C229E3167A009711EA /* Convert.exe */,
				F85AA9C329E3167A009711EA /* SVS61UZAH4OIDVNG1PSGCOM2D.obj */,
				F85AA9C429E3167A009711EA /* Visit RigModels.com.url */,
				F85AA9C529E3167A009711EA /* SVS61UZAH4OIDVNG1PSGCOM2D.mtl */,
				F85AA9C629E3167A009711EA /* hair_c.jpg */,
				F85AA9C729E3167A009711EA /* acce_lili.jpg */,
				F85AA9C829E3167A009711EA /* License.txt */,
				F85AA9C929E3167A009711EA /* default-grey.jpg */,
				F85AA9CA29E3167A009711EA /* face_c.jpg */,
				F85AA9CB29E3167A009711EA /* body_lili.jpg */,
			);
			path = "Anime model";
			sourceTree = "<group>";
		};
		F85AA9D729E323D1009711EA /* Entities */ = {
			isa = PBXGroup;
			children = (
				F89F10AF29FFC86800932551 /* Transform.swift */,
			);
			path = Entities;
			sourceTree = "<group>";
		};
		F86ED97D29E2FC2E000D9680 = {
			isa = PBXGroup;
			children = (
				F86ED98829E2FC2E000D9680 /* Viewport3D */,
				F86ED98729E2FC2E000D9680 /* Products */,
			);
			sourceTree = "<group>";
		};
		F86ED98729E2FC2E000D9680 /* Products */ = {
			isa = PBXGroup;
			children = (
				F86ED98629E2FC2E000D9680 /* Viewport3D.app */,
			);
			name = Products;
			sourceTree = "<group>";
		};
		F86ED98829E2FC2E000D9680 /* Viewport3D */ = {
			isa = PBXGroup;
			children = (
				F86ED99829E300A4000D9680 /* Application */,
				F85AA9A929E3160E009711EA /* Shared Data */,
				F87C9DD729FD24B9006ED0DE /* Common */,
				F86ED99929E300B9000D9680 /* User Interfaces */,
			);
			path = Viewport3D;
			sourceTree = "<group>";
		};
		F86ED99829E300A4000D9680 /* Application */ = {
			isa = PBXGroup;
			children = (
				F85AA99F29E3028C009711EA /* Info.plist */,
				F86ED98929E2FC2E000D9680 /* Viewport3DApp.swift */,
				F86ED98D29E2FC2F000D9680 /* Assets.xcassets */,
				F86ED98F29E2FC2F000D9680 /* Viewport3D.entitlements */,
			);
			path = Application;
			sourceTree = "<group>";
		};
		F86ED99929E300B9000D9680 /* User Interfaces */ = {
			isa = PBXGroup;
			children = (
				F87C9DD629FD1F0D006ED0DE /* Helper + Extension */,
				F8200FF029F6CC38006D0F94 /* Viewport Interface Scene */,
				F85AA9A829E30C74009711EA /* MetalScene */,
			);
			path = "User Interfaces";
			sourceTree = "<group>";
		};
		F87C9DD629FD1F0D006ED0DE /* Helper + Extension */ = {
			isa = PBXGroup;
			children = (
				F872891F29F6FCBB00B70AC4 /* Color + Extension.swift */,
			);
			path = "Helper + Extension";
			sourceTree = "<group>";
		};
		F87C9DD729FD24B9006ED0DE /* Common */ = {
			isa = PBXGroup;
			children = (
				F87C9DD929FF0D08006ED0DE /* Common.h */,
				F8BC39AD2A013F7C00276B79 /* Models */,
				F8D5358629E757F900CCB8D2 /* Helpers */,
				F85AA9D729E323D1009711EA /* Entities */,
				F8D5358529E60F4700CCB8D2 /* Shaders */,
				F87C9DD829FD24DF006ED0DE /* Renderers */,
			);
			path = Common;
			sourceTree = "<group>";
		};
		F87C9DD829FD24DF006ED0DE /* Renderers */ = {
			isa = PBXGroup;
			children = (
				F85AA9A029E308D8009711EA /* Renderer.swift */,
			);
			path = Renderers;
			sourceTree = "<group>";
		};
		F8BC39AD2A013F7C00276B79 /* Models */ = {
			isa = PBXGroup;
			children = (
				F8D5358129E60BBA00CCB8D2 /* Quad.swift */,
				F872891B29F6E77B00B70AC4 /* Triangle.swift */,
				F817497A29F06AE500EB1AA5 /* Sphere.swift */,
				F872891D29F6EA2800B70AC4 /* Primitive.swift */,
				F87C9DD429FD1DE3006ED0DE /* Model.swift */,
			);
			path = Models;
			sourceTree = "<group>";
		};
		F8BC39B22A01462700276B79 /* Extensions */ = {
			isa = PBXGroup;
			children = (
				F8D5358729E7580F00CCB8D2 /* VertexDescriptor + Extension.swift */,
				F89F10B62A004F9B00932551 /* BufferIndices + Extension.swift */,
				F8BC39B52A01558E00276B79 /* AttributesIndices + Extension.swift */,
			);
			path = Extensions;
			sourceTree = "<group>";
		};
		F8BC39B32A01463500276B79 /* Utility */ = {
			isa = PBXGroup;
			children = (
				F87C9DD229FC791D006ED0DE /* MathLibrary.swift */,
			);
			path = Utility;
			sourceTree = "<group>";
		};
		F8BC39B42A0146B700276B79 /* ViewModel */ = {
			isa = PBXGroup;
			children = (
				F89F10B129FFE7A400932551 /* Options.swift */,
			);
			path = ViewModel;
			sourceTree = "<group>";
		};
		F8D5358529E60F4700CCB8D2 /* Shaders */ = {
			isa = PBXGroup;
			children = (
				F89F10B52A003F3D00932551 /* ShaderDefenitions.h */,
				F85AA9D829E35DB5009711EA /* Vertex.metal */,
				F89F10B329FFE92B00932551 /* Fragment.metal */,
			);
			path = Shaders;
			sourceTree = "<group>";
		};
		F8D5358629E757F900CCB8D2 /* Helpers */ = {
			isa = PBXGroup;
			children = (
				F8BC39B32A01463500276B79 /* Utility */,
				F8BC39B22A01462700276B79 /* Extensions */,
			);
			path = Helpers;
			sourceTree = "<group>";
		};
/* End PBXGroup section */

/* Begin PBXNativeTarget section */
		F86ED98529E2FC2E000D9680 /* Viewport3D */ = {
			isa = PBXNativeTarget;
			buildConfigurationList = F86ED99529E2FC2F000D9680 /* Build configuration list for PBXNativeTarget "Viewport3D" */;
			buildPhases = (
				F86ED98229E2FC2E000D9680 /* Sources */,
				F86ED98329E2FC2E000D9680 /* Frameworks */,
				F86ED98429E2FC2E000D9680 /* Resources */,
			);
			buildRules = (
			);
			dependencies = (
			);
			name = Viewport3D;
			productName = Viewport3D;
			productReference = F86ED98629E2FC2E000D9680 /* Viewport3D.app */;
			productType = "com.apple.product-type.application";
		};
/* End PBXNativeTarget section */

/* Begin PBXProject section */
		F86ED97E29E2FC2E000D9680 /* Project object */ = {
			isa = PBXProject;
			attributes = {
				BuildIndependentTargetsInParallel = 1;
				LastSwiftUpdateCheck = 1420;
				LastUpgradeCheck = 1420;
				TargetAttributes = {
					F86ED98529E2FC2E000D9680 = {
						CreatedOnToolsVersion = 14.2;
					};
				};
			};
			buildConfigurationList = F86ED98129E2FC2E000D9680 /* Build configuration list for PBXProject "Viewport3D" */;
			compatibilityVersion = "Xcode 14.0";
			developmentRegion = en;
			hasScannedForEncodings = 0;
			knownRegions = (
				en,
				Base,
			);
			mainGroup = F86ED97D29E2FC2E000D9680;
			productRefGroup = F86ED98729E2FC2E000D9680 /* Products */;
			projectDirPath = "";
			projectRoot = "";
			targets = (
				F86ED98529E2FC2E000D9680 /* Viewport3D */,
			);
		};
/* End PBXProject section */

/* Begin PBXResourcesBuildPhase section */
		F86ED98429E2FC2E000D9680 /* Resources */ = {
			isa = PBXResourcesBuildPhase;
			buildActionMask = 2147483647;
			files = (
				F85AA9D029E3167A009711EA /* SVS61UZAH4OIDVNG1PSGCOM2D.mtl in Resources */,
				F85AA9D229E3167A009711EA /* acce_lili.jpg in Resources */,
				F85AA9CE29E3167A009711EA /* SVS61UZAH4OIDVNG1PSGCOM2D.obj in Resources */,
				F85AA9CF29E3167A009711EA /* Visit RigModels.com.url in Resources */,
				F85AA9CD29E3167A009711EA /* Convert.exe in Resources */,
				F85AA9D329E3167A009711EA /* License.txt in Resources */,
				F85AA9D429E3167A009711EA /* default-grey.jpg in Resources */,
				F85AA9D629E3167A009711EA /* body_lili.jpg in Resources */,
				F85AA9CC29E3167A009711EA /* SVS61UZAH4OIDVNG1PSGCOM2D.jpg in Resources */,
				F86ED98E29E2FC2F000D9680 /* Assets.xcassets in Resources */,
				F85AA9D129E3167A009711EA /* hair_c.jpg in Resources */,
				F85AA9D529E3167A009711EA /* face_c.jpg in Resources */,
			);
			runOnlyForDeploymentPostprocessing = 0;
		};
/* End PBXResourcesBuildPhase section */

/* Begin PBXSourcesBuildPhase section */
		F86ED98229E2FC2E000D9680 /* Sources */ = {
			isa = PBXSourcesBuildPhase;
			buildActionMask = 2147483647;
			files = (
				F87C9DDA29FF318A006ED0DE /* Common.h in Sources */,
				F87C9DD529FD1DE3006ED0DE /* Model.swift in Sources */,
				F85AA9D929E35DB5009711EA /* Vertex.metal in Sources */,
				F87C9DD329FC791D006ED0DE /* MathLibrary.swift in Sources */,
				F89F10B229FFE7A400932551 /* Options.swift in Sources */,
				F872892029F6FCBB00B70AC4 /* Color + Extension.swift in Sources */,
				F8D5358229E60BBA00CCB8D2 /* Quad.swift in Sources */,
				F89F10B029FFC86800932551 /* Transform.swift in Sources */,
				F817497B29F06AE500EB1AA5 /* Sphere.swift in Sources */,
				F89F10B429FFE92B00932551 /* Fragment.metal in Sources */,
				F8D5358829E7580F00CCB8D2 /* VertexDescriptor + Extension.swift in Sources */,
				F85AA9A529E309B6009711EA /* MetalViewRepresentable.swift in Sources */,
				F86ED98C29E2FC2E000D9680 /* ContentView.swift in Sources */,
				F85AA9A729E30C1B009711EA /* MetalView.swift in Sources */,
				F872891E29F6EA2800B70AC4 /* Primitive.swift in Sources */,
				F8BC39B62A01558E00276B79 /* AttributesIndices + Extension.swift in Sources */,
				F89F10B72A004F9B00932551 /* BufferIndices + Extension.swift in Sources */,
				F872891C29F6E77B00B70AC4 /* Triangle.swift in Sources */,
				F85AA9A129E308D8009711EA /* Renderer.swift in Sources */,
				F872891A29F6CC9600B70AC4 /* GridView.swift in Sources */,
				F86ED98A29E2FC2E000D9680 /* Viewport3DApp.swift in Sources */,
			);
			runOnlyForDeploymentPostprocessing = 0;
		};
/* End PBXSourcesBuildPhase section */

/* Begin XCBuildConfiguration section */
		F86ED99329E2FC2F000D9680 /* Debug */ = {
			isa = XCBuildConfiguration;
			buildSettings = {
				ALWAYS_SEARCH_USER_PATHS = NO;
				CLANG_ANALYZER_NONNULL = YES;
				CLANG_ANALYZER_NUMBER_OBJECT_CONVERSION = YES_AGGRESSIVE;
				CLANG_CXX_LANGUAGE_STANDARD = "gnu++20";
				CLANG_ENABLE_MODULES = YES;
				CLANG_ENABLE_OBJC_ARC = YES;
				CLANG_ENABLE_OBJC_WEAK = YES;
				CLANG_WARN_BLOCK_CAPTURE_AUTORELEASING = YES;
				CLANG_WARN_BOOL_CONVERSION = YES;
				CLANG_WARN_COMMA = YES;
				CLANG_WARN_CONSTANT_CONVERSION = YES;
				CLANG_WARN_DEPRECATED_OBJC_IMPLEMENTATIONS = YES;
				CLANG_WARN_DIRECT_OBJC_ISA_USAGE = YES_ERROR;
				CLANG_WARN_DOCUMENTATION_COMMENTS = YES;
				CLANG_WARN_EMPTY_BODY = YES;
				CLANG_WARN_ENUM_CONVERSION = YES;
				CLANG_WARN_INFINITE_RECURSION = YES;
				CLANG_WARN_INT_CONVERSION = YES;
				CLANG_WARN_NON_LITERAL_NULL_CONVERSION = YES;
				CLANG_WARN_OBJC_IMPLICIT_RETAIN_SELF = YES;
				CLANG_WARN_OBJC_LITERAL_CONVERSION = YES;
				CLANG_WARN_OBJC_ROOT_CLASS = YES_ERROR;
				CLANG_WARN_QUOTED_INCLUDE_IN_FRAMEWORK_HEADER = YES;
				CLANG_WARN_RANGE_LOOP_ANALYSIS = YES;
				CLANG_WARN_STRICT_PROTOTYPES = YES;
				CLANG_WARN_SUSPICIOUS_MOVE = YES;
				CLANG_WARN_UNGUARDED_AVAILABILITY = YES_AGGRESSIVE;
				CLANG_WARN_UNREACHABLE_CODE = YES;
				CLANG_WARN__DUPLICATE_METHOD_MATCH = YES;
				COPY_PHASE_STRIP = NO;
				DEBUG_INFORMATION_FORMAT = dwarf;
				ENABLE_STRICT_OBJC_MSGSEND = YES;
				ENABLE_TESTABILITY = YES;
				GCC_C_LANGUAGE_STANDARD = gnu11;
				GCC_DYNAMIC_NO_PIC = NO;
				GCC_NO_COMMON_BLOCKS = YES;
				GCC_OPTIMIZATION_LEVEL = 0;
				GCC_PREPROCESSOR_DEFINITIONS = (
					"DEBUG=1",
					"$(inherited)",
				);
				GCC_WARN_64_TO_32_BIT_CONVERSION = YES;
				GCC_WARN_ABOUT_RETURN_TYPE = YES_ERROR;
				GCC_WARN_UNDECLARED_SELECTOR = YES;
				GCC_WARN_UNINITIALIZED_AUTOS = YES_AGGRESSIVE;
				GCC_WARN_UNUSED_FUNCTION = YES;
				GCC_WARN_UNUSED_VARIABLE = YES;
				INFOPLIST_KEY_UIApplicationSceneManifest_Generation = NO;
				MTL_ENABLE_DEBUG_INFO = INCLUDE_SOURCE;
				MTL_FAST_MATH = YES;
				ONLY_ACTIVE_ARCH = YES;
				SWIFT_ACTIVE_COMPILATION_CONDITIONS = DEBUG;
				SWIFT_OBJC_BRIDGING_HEADER = Viewport3D/Common/Common.h;
				SWIFT_OPTIMIZATION_LEVEL = "-Onone";
			};
			name = Debug;
		};
		F86ED99429E2FC2F000D9680 /* Release */ = {
			isa = XCBuildConfiguration;
			buildSettings = {
				ALWAYS_SEARCH_USER_PATHS = NO;
				CLANG_ANALYZER_NONNULL = YES;
				CLANG_ANALYZER_NUMBER_OBJECT_CONVERSION = YES_AGGRESSIVE;
				CLANG_CXX_LANGUAGE_STANDARD = "gnu++20";
				CLANG_ENABLE_MODULES = YES;
				CLANG_ENABLE_OBJC_ARC = YES;
				CLANG_ENABLE_OBJC_WEAK = YES;
				CLANG_WARN_BLOCK_CAPTURE_AUTORELEASING = YES;
				CLANG_WARN_BOOL_CONVERSION = YES;
				CLANG_WARN_COMMA = YES;
				CLANG_WARN_CONSTANT_CONVERSION = YES;
				CLANG_WARN_DEPRECATED_OBJC_IMPLEMENTATIONS = YES;
				CLANG_WARN_DIRECT_OBJC_ISA_USAGE = YES_ERROR;
				CLANG_WARN_DOCUMENTATION_COMMENTS = YES;
				CLANG_WARN_EMPTY_BODY = YES;
				CLANG_WARN_ENUM_CONVERSION = YES;
				CLANG_WARN_INFINITE_RECURSION = YES;
				CLANG_WARN_INT_CONVERSION = YES;
				CLANG_WARN_NON_LITERAL_NULL_CONVERSION = YES;
				CLANG_WARN_OBJC_IMPLICIT_RETAIN_SELF = YES;
				CLANG_WARN_OBJC_LITERAL_CONVERSION = YES;
				CLANG_WARN_OBJC_ROOT_CLASS = YES_ERROR;
				CLANG_WARN_QUOTED_INCLUDE_IN_FRAMEWORK_HEADER = YES;
				CLANG_WARN_RANGE_LOOP_ANALYSIS = YES;
				CLANG_WARN_STRICT_PROTOTYPES = YES;
				CLANG_WARN_SUSPICIOUS_MOVE = YES;
				CLANG_WARN_UNGUARDED_AVAILABILITY = YES_AGGRESSIVE;
				CLANG_WARN_UNREACHABLE_CODE = YES;
				CLANG_WARN__DUPLICATE_METHOD_MATCH = YES;
				COPY_PHASE_STRIP = NO;
				DEBUG_INFORMATION_FORMAT = "dwarf-with-dsym";
				ENABLE_NS_ASSERTIONS = NO;
				ENABLE_STRICT_OBJC_MSGSEND = YES;
				GCC_C_LANGUAGE_STANDARD = gnu11;
				GCC_NO_COMMON_BLOCKS = YES;
				GCC_WARN_64_TO_32_BIT_CONVERSION = YES;
				GCC_WARN_ABOUT_RETURN_TYPE = YES_ERROR;
				GCC_WARN_UNDECLARED_SELECTOR = YES;
				GCC_WARN_UNINITIALIZED_AUTOS = YES_AGGRESSIVE;
				GCC_WARN_UNUSED_FUNCTION = YES;
				GCC_WARN_UNUSED_VARIABLE = YES;
				INFOPLIST_KEY_UIApplicationSceneManifest_Generation = NO;
				MTL_ENABLE_DEBUG_INFO = NO;
				MTL_FAST_MATH = YES;
				SWIFT_COMPILATION_MODE = wholemodule;
				SWIFT_OBJC_BRIDGING_HEADER = Viewport3D/Common/Common.h;
				SWIFT_OPTIMIZATION_LEVEL = "-O";
			};
			name = Release;
		};
		F86ED99629E2FC2F000D9680 /* Debug */ = {
			isa = XCBuildConfiguration;
			buildSettings = {
				ASSETCATALOG_COMPILER_APPICON_NAME = AppIcon;
				ASSETCATALOG_COMPILER_GLOBAL_ACCENT_COLOR_NAME = AccentColor;
				CODE_SIGN_ENTITLEMENTS = Viewport3D/Application/Viewport3D.entitlements;
				CODE_SIGN_STYLE = Automatic;
				CURRENT_PROJECT_VERSION = 1;
				DEVELOPMENT_ASSET_PATHS = "\"Viewport3D/Application/Preview Content\"";
				DEVELOPMENT_TEAM = Z9MV89M5M3;
				ENABLE_HARDENED_RUNTIME = YES;
				ENABLE_PREVIEWS = YES;
				GENERATE_INFOPLIST_FILE = YES;
				INFOPLIST_FILE = Viewport3D/Application/Info.plist;
				"INFOPLIST_KEY_UIApplicationSceneManifest_Generation[sdk=iphoneos*]" = YES;
				"INFOPLIST_KEY_UIApplicationSceneManifest_Generation[sdk=iphonesimulator*]" = YES;
				"INFOPLIST_KEY_UIApplicationSupportsIndirectInputEvents[sdk=iphoneos*]" = YES;
				"INFOPLIST_KEY_UIApplicationSupportsIndirectInputEvents[sdk=iphonesimulator*]" = YES;
				"INFOPLIST_KEY_UILaunchScreen_Generation[sdk=iphoneos*]" = YES;
				"INFOPLIST_KEY_UILaunchScreen_Generation[sdk=iphonesimulator*]" = YES;
				"INFOPLIST_KEY_UIStatusBarStyle[sdk=iphoneos*]" = UIStatusBarStyleDefault;
				"INFOPLIST_KEY_UIStatusBarStyle[sdk=iphonesimulator*]" = UIStatusBarStyleDefault;
				INFOPLIST_KEY_UISupportedInterfaceOrientations_iPad = "UIInterfaceOrientationPortrait UIInterfaceOrientationPortraitUpsideDown UIInterfaceOrientationLandscapeLeft UIInterfaceOrientationLandscapeRight";
				INFOPLIST_KEY_UISupportedInterfaceOrientations_iPhone = "UIInterfaceOrientationPortrait UIInterfaceOrientationLandscapeLeft UIInterfaceOrientationLandscapeRight";
				IPHONEOS_DEPLOYMENT_TARGET = 16.2;
				LD_RUNPATH_SEARCH_PATHS = "@executable_path/Frameworks";
				"LD_RUNPATH_SEARCH_PATHS[sdk=macosx*]" = "@executable_path/../Frameworks";
				MACOSX_DEPLOYMENT_TARGET = 13.0;
				MARKETING_VERSION = 1.0;
				MTL_HEADER_SEARCH_PATHS = Viewport3D/Common;
				PRODUCT_BUNDLE_IDENTIFIER = rodion.Viewport3D;
				PRODUCT_NAME = "$(TARGET_NAME)";
				SDKROOT = auto;
				SUPPORTED_PLATFORMS = "iphoneos iphonesimulator macosx";
				SWIFT_EMIT_LOC_STRINGS = YES;
				SWIFT_VERSION = 5.0;
				TARGETED_DEVICE_FAMILY = "1,2";
			};
			name = Debug;
		};
		F86ED99729E2FC2F000D9680 /* Release */ = {
			isa = XCBuildConfiguration;
			buildSettings = {
				ASSETCATALOG_COMPILER_APPICON_NAME = AppIcon;
				ASSETCATALOG_COMPILER_GLOBAL_ACCENT_COLOR_NAME = AccentColor;
				CODE_SIGN_ENTITLEMENTS = Viewport3D/Application/Viewport3D.entitlements;
				CODE_SIGN_STYLE = Automatic;
				CURRENT_PROJECT_VERSION = 1;
				DEVELOPMENT_ASSET_PATHS = "\"Viewport3D/Application/Preview Content\"";
				DEVELOPMENT_TEAM = Z9MV89M5M3;
				ENABLE_HARDENED_RUNTIME = YES;
				ENABLE_PREVIEWS = YES;
				GENERATE_INFOPLIST_FILE = YES;
				INFOPLIST_FILE = Viewport3D/Application/Info.plist;
				"INFOPLIST_KEY_UIApplicationSceneManifest_Generation[sdk=iphoneos*]" = YES;
				"INFOPLIST_KEY_UIApplicationSceneManifest_Generation[sdk=iphonesimulator*]" = YES;
				"INFOPLIST_KEY_UIApplicationSupportsIndirectInputEvents[sdk=iphoneos*]" = YES;
				"INFOPLIST_KEY_UIApplicationSupportsIndirectInputEvents[sdk=iphonesimulator*]" = YES;
				"INFOPLIST_KEY_UILaunchScreen_Generation[sdk=iphoneos*]" = YES;
				"INFOPLIST_KEY_UILaunchScreen_Generation[sdk=iphonesimulator*]" = YES;
				"INFOPLIST_KEY_UIStatusBarStyle[sdk=iphoneos*]" = UIStatusBarStyleDefault;
				"INFOPLIST_KEY_UIStatusBarStyle[sdk=iphonesimulator*]" = UIStatusBarStyleDefault;
				INFOPLIST_KEY_UISupportedInterfaceOrientations_iPad = "UIInterfaceOrientationPortrait UIInterfaceOrientationPortraitUpsideDown UIInterfaceOrientationLandscapeLeft UIInterfaceOrientationLandscapeRight";
				INFOPLIST_KEY_UISupportedInterfaceOrientations_iPhone = "UIInterfaceOrientationPortrait UIInterfaceOrientationLandscapeLeft UIInterfaceOrientationLandscapeRight";
				IPHONEOS_DEPLOYMENT_TARGET = 16.2;
				LD_RUNPATH_SEARCH_PATHS = "@executable_path/Frameworks";
				"LD_RUNPATH_SEARCH_PATHS[sdk=macosx*]" = "@executable_path/../Frameworks";
				MACOSX_DEPLOYMENT_TARGET = 13.0;
				MARKETING_VERSION = 1.0;
				MTL_HEADER_SEARCH_PATHS = Viewport3D/Common;
				PRODUCT_BUNDLE_IDENTIFIER = rodion.Viewport3D;
				PRODUCT_NAME = "$(TARGET_NAME)";
				SDKROOT = auto;
				SUPPORTED_PLATFORMS = "iphoneos iphonesimulator macosx";
				SWIFT_EMIT_LOC_STRINGS = YES;
				SWIFT_VERSION = 5.0;
				TARGETED_DEVICE_FAMILY = "1,2";
			};
			name = Release;
		};
/* End XCBuildConfiguration section */

/* Begin XCConfigurationList section */
		F86ED98129E2FC2E000D9680 /* Build configuration list for PBXProject "Viewport3D" */ = {
			isa = XCConfigurationList;
			buildConfigurations = (
				F86ED99329E2FC2F000D9680 /* Debug */,
				F86ED99429E2FC2F000D9680 /* Release */,
			);
			defaultConfigurationIsVisible = 0;
			defaultConfigurationName = Release;
		};
		F86ED99529E2FC2F000D9680 /* Build configuration list for PBXNativeTarget "Viewport3D" */ = {
			isa = XCConfigurationList;
			buildConfigurations = (
				F86ED99629E2FC2F000D9680 /* Debug */,
				F86ED99729E2FC2F000D9680 /* Release */,
			);
			defaultConfigurationIsVisible = 0;
			defaultConfigurationName = Release;
		};
/* End XCConfigurationList section */
	};
	rootObject = F86ED97E29E2FC2E000D9680 /* Project object */;
}
